<Solution>
  <Folder Name="/src/">
    <Project Path="src/Firmeza.Application/Firmeza.Application.csproj" />
    <Project Path="src/Firmeza.Domain/Firmeza.Domain.csproj" />
    <Project Path="src/Firmeza.Infrastructure/Firmeza.Infrastructure.csproj" />
    <Project Path="src/Firmeza.Presentation/Firmeza.Presentation.csproj" />
  </Folder>
  <Folder Name="/tests/">
    <Project Path="tests/Firmeza.Tests/Firmeza.Tests.csproj" />
  </Folder>
</Solution>
